
Microsoft Visual Studio Solution File, Format Version 12.00
# Visual Studio Version 16
VisualStudioVersion = 16.0.30114.105
MinimumVisualStudioVersion = 10.0.40219.1
Project("{FAE04EC0-301F-11D3-BF4B-00C04F79EFBC}") = "PracticaProyecto", "PracticaProyecto.csproj", "{78955EDD-09A5-428F-812F-4E7970FFAFC6}"
EndProject
Project("{FAE04EC0-301F-11D3-BF4B-00C04F79EFBC}") = "MiLibreria", "..\MiLibreria\MiLibreria.csproj", "{E96902EC-18A1-47CB-94EF-60218C903862}"
EndProject
Global
	GlobalSection(SolutionConfigurationPlatforms) = preSolution
		Debug|Any CPU = Debug|Any CPU
		Release|Any CPU = Release|Any CPU
	EndGlobalSection
	GlobalSection(ProjectConfigurationPlatforms) = postSolution
		{78955EDD-09A5-428F-812F-4E7970FFAFC6}.Debug|Any CPU.ActiveCfg = Debug|Any CPU
		{78955EDD-09A5-428F-812F-4E7970FFAFC6}.Debug|Any CPU.Build.0 = Debug|Any CPU
		{78955EDD-09A5-428F-812F-4E7970FFAFC6}.Release|Any CPU.ActiveCfg = Release|Any CPU
		{78955EDD-09A5-428F-812F-4E7970FFAFC6}.Release|Any CPU.Build.0 = Release|Any CPU
		{E96902EC-18A1-47CB-94EF-60218C903862}.Debug|Any CPU.ActiveCfg = Debug|Any CPU
		{E96902EC-18A1-47CB-94EF-60218C903862}.Debug|Any CPU.Build.0 = Debug|Any CPU
		{E96902EC-18A1-47CB-94EF-60218C903862}.Release|Any CPU.ActiveCfg = Release|Any CPU
		{E96902EC-18A1-47CB-94EF-60218C903862}.Release|Any CPU.Build.0 = Release|Any CPU
	EndGlobalSection
	GlobalSection(SolutionProperties) = preSolution
		HideSolutionNode = FALSE
	EndGlobalSection
	GlobalSection(ExtensibilityGlobals) = postSolution
		SolutionGuid = {62910936-B80B-4EB3-B8F9-40BC5EF88C4A}
	EndGlobalSection
EndGlobal
